
Microsoft Visual Studio Solution File, Format Version 12.00
# Visual Studio 15
VisualStudioVersion = 15.0.28010.2026
MinimumVisualStudioVersion = 10.0.40219.1
Project("{FAE04EC0-301F-11D3-BF4B-00C04F79EFBC}") = "LightsOut", "LightsOut\LightsOut.csproj", "{9FF18BDC-6DAE-42B1-ADFB-8EB2D925AD6E}"
EndProject
Global
	GlobalSection(SolutionConfigurationPlatforms) = preSolution
		Debug|Any CPU = Debug|Any CPU
		Release|Any CPU = Release|Any CPU
	EndGlobalSection
	GlobalSection(ProjectConfigurationPlatforms) = postSolution
		{9FF18BDC-6DAE-42B1-ADFB-8EB2D925AD6E}.Debug|Any CPU.ActiveCfg = Debug|Any CPU
		{9FF18BDC-6DAE-42B1-ADFB-8EB2D925AD6E}.Debug|Any CPU.Build.0 = Debug|Any CPU
		{9FF18BDC-6DAE-42B1-ADFB-8EB2D925AD6E}.Release|Any CPU.ActiveCfg = Release|Any CPU
		{9FF18BDC-6DAE-42B1-ADFB-8EB2D925AD6E}.Release|Any CPU.Build.0 = Release|Any CPU
	EndGlobalSection
	GlobalSection(SolutionProperties) = preSolution
		HideSolutionNode = FALSE
	EndGlobalSection
	GlobalSection(ExtensibilityGlobals) = postSolution
		SolutionGuid = {FA6E717C-D1E1-4522-B3AA-0F8C5C6ABC20}
	EndGlobalSection
EndGlobal
